
Microsoft Visual Studio Solution File, Format Version 12.00
# Visual Studio Version 16
VisualStudioVersion = 16.0.31205.134
MinimumVisualStudioVersion = 10.0.40219.1
Project("{FAE04EC0-301F-11D3-BF4B-00C04F79EFBC}") = "ContactList", "ContactList.csproj", "{C311D5EB-0F36-433B-85C9-8E64DD218EA4}"
EndProject
Global
	GlobalSection(SolutionConfigurationPlatforms) = preSolution
		Debug|Any CPU = Debug|Any CPU
		Release|Any CPU = Release|Any CPU
	EndGlobalSection
	GlobalSection(ProjectConfigurationPlatforms) = postSolution
		{C311D5EB-0F36-433B-85C9-8E64DD218EA4}.Debug|Any CPU.ActiveCfg = Debug|Any CPU
		{C311D5EB-0F36-433B-85C9-8E64DD218EA4}.Debug|Any CPU.Build.0 = Debug|Any CPU
		{C311D5EB-0F36-433B-85C9-8E64DD218EA4}.Release|Any CPU.ActiveCfg = Release|Any CPU
		{C311D5EB-0F36-433B-85C9-8E64DD218EA4}.Release|Any CPU.Build.0 = Release|Any CPU
	EndGlobalSection
	GlobalSection(SolutionProperties) = preSolution
		HideSolutionNode = FALSE
	EndGlobalSection
	GlobalSection(ExtensibilityGlobals) = postSolution
		SolutionGuid = {AC4FBBFC-EC4E-4FAA-BDF0-6A1AB99AE863}
	EndGlobalSection
EndGlobal
